
Microsoft Visual Studio Solution File, Format Version 12.00
# Visual Studio Version 17
VisualStudioVersion = 17.3.32922.545
MinimumVisualStudioVersion = 10.0.40219.1
Project("{9A19103F-16F7-4668-BE54-9A1E7A4F7556}") = "ControleEmpresa.Api", "ControleEmpresa.Api\ControleEmpresa.Api.csproj", "{2AE80109-5267-4754-B62E-D329D9C154B7}"
EndProject
Project("{2150E333-8FDC-42A3-9474-1A3956D46DE8}") = "1 - Serviços", "1 - Serviços", "{8468D7CC-E8A3-40A1-817D-7A2C2BBF6548}"
EndProject
Project("{2150E333-8FDC-42A3-9474-1A3956D46DE8}") = "2 - Acesso a Dados", "2 - Acesso a Dados", "{59687527-A831-4C31-9B19-15799DC7E6F3}"
EndProject
Project("{9A19103F-16F7-4668-BE54-9A1E7A4F7556}") = "ControleEmpresa.Data", "ControleEmpresai.Data\ControleEmpresa.Data.csproj", "{96F73782-C74F-4A48-B8AC-7AD145A3D58C}"
EndProject
Global
	GlobalSection(SolutionConfigurationPlatforms) = preSolution
		Debug|Any CPU = Debug|Any CPU
		Release|Any CPU = Release|Any CPU
	EndGlobalSection
	GlobalSection(ProjectConfigurationPlatforms) = postSolution
		{2AE80109-5267-4754-B62E-D329D9C154B7}.Debug|Any CPU.ActiveCfg = Debug|Any CPU
		{2AE80109-5267-4754-B62E-D329D9C154B7}.Debug|Any CPU.Build.0 = Debug|Any CPU
		{2AE80109-5267-4754-B62E-D329D9C154B7}.Release|Any CPU.ActiveCfg = Release|Any CPU
		{2AE80109-5267-4754-B62E-D329D9C154B7}.Release|Any CPU.Build.0 = Release|Any CPU
		{96F73782-C74F-4A48-B8AC-7AD145A3D58C}.Debug|Any CPU.ActiveCfg = Debug|Any CPU
		{96F73782-C74F-4A48-B8AC-7AD145A3D58C}.Debug|Any CPU.Build.0 = Debug|Any CPU
		{96F73782-C74F-4A48-B8AC-7AD145A3D58C}.Release|Any CPU.ActiveCfg = Release|Any CPU
		{96F73782-C74F-4A48-B8AC-7AD145A3D58C}.Release|Any CPU.Build.0 = Release|Any CPU
	EndGlobalSection
	GlobalSection(SolutionProperties) = preSolution
		HideSolutionNode = FALSE
	EndGlobalSection
	GlobalSection(NestedProjects) = preSolution
		{2AE80109-5267-4754-B62E-D329D9C154B7} = {8468D7CC-E8A3-40A1-817D-7A2C2BBF6548}
		{96F73782-C74F-4A48-B8AC-7AD145A3D58C} = {59687527-A831-4C31-9B19-15799DC7E6F3}
	EndGlobalSection
	GlobalSection(ExtensibilityGlobals) = postSolution
		SolutionGuid = {33EC338F-BE51-4B61-A7B5-F3567AB2A9FE}
	EndGlobalSection
EndGlobal
